
Microsoft Visual Studio Solution File, Format Version 12.00
# Visual Studio Version 17
VisualStudioVersion = 17.14.36518.9 d17.14
MinimumVisualStudioVersion = 10.0.40219.1
Project("{FAE04EC0-301F-11D3-BF4B-00C04F79EFBC}") = "Pastaloni", "Pastaloni.csproj", "{11A664AA-828F-4844-BC26-EAD19E87B8EF}"
	ProjectSection(ProjectDependencies) = postProject
		{26307061-30D6-4D21-A640-432E53254557} = {26307061-30D6-4D21-A640-432E53254557}
		{79F99BF9-3346-46F1-A55F-ECE59E6D933B} = {79F99BF9-3346-46F1-A55F-ECE59E6D933B}
		{F35236AD-B635-4444-842D-C4E72F5B0525} = {F35236AD-B635-4444-842D-C4E72F5B0525}
	EndProjectSection
EndProject
Project("{FAE04EC0-301F-11D3-BF4B-00C04F79EFBC}") = "Infrastructure", "..\Infrastructure\Infrastructure.csproj", "{79F99BF9-3346-46F1-A55F-ECE59E6D933B}"
	ProjectSection(ProjectDependencies) = postProject
		{26307061-30D6-4D21-A640-432E53254557} = {26307061-30D6-4D21-A640-432E53254557}
	EndProjectSection
EndProject
Project("{FAE04EC0-301F-11D3-BF4B-00C04F79EFBC}") = "Core", "..\Core\Core.csproj", "{F35236AD-B635-4444-842D-C4E72F5B0525}"
	ProjectSection(ProjectDependencies) = postProject
		{26307061-30D6-4D21-A640-432E53254557} = {26307061-30D6-4D21-A640-432E53254557}
		{79F99BF9-3346-46F1-A55F-ECE59E6D933B} = {79F99BF9-3346-46F1-A55F-ECE59E6D933B}
	EndProjectSection
EndProject
Project("{FAE04EC0-301F-11D3-BF4B-00C04F79EFBC}") = "Domain", "..\Domain\Domain.csproj", "{26307061-30D6-4D21-A640-432E53254557}"
EndProject
Global
	GlobalSection(SolutionConfigurationPlatforms) = preSolution
		Debug|Any CPU = Debug|Any CPU
		Release|Any CPU = Release|Any CPU
	EndGlobalSection
	GlobalSection(ProjectConfigurationPlatforms) = postSolution
		{11A664AA-828F-4844-BC26-EAD19E87B8EF}.Debug|Any CPU.ActiveCfg = Debug|Any CPU
		{11A664AA-828F-4844-BC26-EAD19E87B8EF}.Debug|Any CPU.Build.0 = Debug|Any CPU
		{11A664AA-828F-4844-BC26-EAD19E87B8EF}.Release|Any CPU.ActiveCfg = Release|Any CPU
		{11A664AA-828F-4844-BC26-EAD19E87B8EF}.Release|Any CPU.Build.0 = Release|Any CPU
		{79F99BF9-3346-46F1-A55F-ECE59E6D933B}.Debug|Any CPU.ActiveCfg = Debug|Any CPU
		{79F99BF9-3346-46F1-A55F-ECE59E6D933B}.Debug|Any CPU.Build.0 = Debug|Any CPU
		{79F99BF9-3346-46F1-A55F-ECE59E6D933B}.Release|Any CPU.ActiveCfg = Release|Any CPU
		{79F99BF9-3346-46F1-A55F-ECE59E6D933B}.Release|Any CPU.Build.0 = Release|Any CPU
		{F35236AD-B635-4444-842D-C4E72F5B0525}.Debug|Any CPU.ActiveCfg = Debug|Any CPU
		{F35236AD-B635-4444-842D-C4E72F5B0525}.Debug|Any CPU.Build.0 = Debug|Any CPU
		{F35236AD-B635-4444-842D-C4E72F5B0525}.Release|Any CPU.ActiveCfg = Release|Any CPU
		{F35236AD-B635-4444-842D-C4E72F5B0525}.Release|Any CPU.Build.0 = Release|Any CPU
		{26307061-30D6-4D21-A640-432E53254557}.Debug|Any CPU.ActiveCfg = Debug|Any CPU
		{26307061-30D6-4D21-A640-432E53254557}.Debug|Any CPU.Build.0 = Debug|Any CPU
		{26307061-30D6-4D21-A640-432E53254557}.Release|Any CPU.ActiveCfg = Release|Any CPU
		{26307061-30D6-4D21-A640-432E53254557}.Release|Any CPU.Build.0 = Release|Any CPU
	EndGlobalSection
	GlobalSection(SolutionProperties) = preSolution
		HideSolutionNode = FALSE
	EndGlobalSection
	GlobalSection(ExtensibilityGlobals) = postSolution
		SolutionGuid = {32BC6A23-9846-4643-9E95-5DD8787E844C}
	EndGlobalSection
EndGlobal
